
Microsoft Visual Studio Solution File, Format Version 12.00
# Visual Studio Version 17
VisualStudioVersion = 17.7.34031.279
MinimumVisualStudioVersion = 10.0.40219.1
Project("{FAE04EC0-301F-11D3-BF4B-00C04F79EFBC}") = "TucRunningSimulator2024", "TucRunningSimulator2024\TucRunningSimulator2024.csproj", "{4C00403B-618A-482B-B6E1-399A9234A15F}"
EndProject
Global
	GlobalSection(SolutionConfigurationPlatforms) = preSolution
		Debug|Any CPU = Debug|Any CPU
		Release|Any CPU = Release|Any CPU
	EndGlobalSection
	GlobalSection(ProjectConfigurationPlatforms) = postSolution
		{4C00403B-618A-482B-B6E1-399A9234A15F}.Debug|Any CPU.ActiveCfg = Debug|Any CPU
		{4C00403B-618A-482B-B6E1-399A9234A15F}.Debug|Any CPU.Build.0 = Debug|Any CPU
		{4C00403B-618A-482B-B6E1-399A9234A15F}.Release|Any CPU.ActiveCfg = Release|Any CPU
		{4C00403B-618A-482B-B6E1-399A9234A15F}.Release|Any CPU.Build.0 = Release|Any CPU
	EndGlobalSection
	GlobalSection(SolutionProperties) = preSolution
		HideSolutionNode = FALSE
	EndGlobalSection
	GlobalSection(ExtensibilityGlobals) = postSolution
		SolutionGuid = {5FFE7D8B-5785-401C-B8F6-B6304B5A5866}
	EndGlobalSection
EndGlobal
